
Microsoft Visual Studio Solution File, Format Version 12.00
# Visual Studio Version 16
VisualStudioVersion = 16.0.31005.135
MinimumVisualStudioVersion = 10.0.40219.1
Project("{FAE04EC0-301F-11D3-BF4B-00C04F79EFBC}") = "GuitarBazar", "GuitarBazar.csproj", "{B49E584A-8593-4767-855E-3C8EF7CD5121}"
EndProject
Global
	GlobalSection(SolutionConfigurationPlatforms) = preSolution
		Debug|Any CPU = Debug|Any CPU
		Release|Any CPU = Release|Any CPU
	EndGlobalSection
	GlobalSection(ProjectConfigurationPlatforms) = postSolution
		{B49E584A-8593-4767-855E-3C8EF7CD5121}.Debug|Any CPU.ActiveCfg = Debug|Any CPU
		{B49E584A-8593-4767-855E-3C8EF7CD5121}.Debug|Any CPU.Build.0 = Debug|Any CPU
		{B49E584A-8593-4767-855E-3C8EF7CD5121}.Release|Any CPU.ActiveCfg = Release|Any CPU
		{B49E584A-8593-4767-855E-3C8EF7CD5121}.Release|Any CPU.Build.0 = Release|Any CPU
	EndGlobalSection
	GlobalSection(SolutionProperties) = preSolution
		HideSolutionNode = FALSE
	EndGlobalSection
	GlobalSection(ExtensibilityGlobals) = postSolution
		SolutionGuid = {E44BB533-60E7-4669-8C74-F149BFB053C7}
	EndGlobalSection
EndGlobal
